
Microsoft Visual Studio Solution File, Format Version 12.00
# Visual Studio Version 16
VisualStudioVersion = 16.0.31515.178
MinimumVisualStudioVersion = 10.0.40219.1
Project("{9A19103F-16F7-4668-BE54-9A1E7A4F7556}") = "Asset.Models", "Asset.Models\Asset.Models.csproj", "{154DCA40-FC3E-4D3C-A9D0-A07C59AD358D}"
EndProject
Project("{9A19103F-16F7-4668-BE54-9A1E7A4F7556}") = "Asset.Domain", "Asset.Domain\Asset.Domain.csproj", "{5D3D94A7-9E75-4B0E-95D9-5F2A17FD44E1}"
EndProject
Project("{9A19103F-16F7-4668-BE54-9A1E7A4F7556}") = "Asset.Core", "Asset.Core\Asset.Core.csproj", "{88254261-2E25-4AC4-90F0-9307D9905E19}"
EndProject
Project("{9A19103F-16F7-4668-BE54-9A1E7A4F7556}") = "Asset.ViewModels", "Asset.ViewModels\Asset.ViewModels.csproj", "{D09241CA-E04F-4055-BE39-8B6DB663EB26}"
EndProject
Project("{9A19103F-16F7-4668-BE54-9A1E7A4F7556}") = "Asset.API", "Asset.API\Asset.API.csproj", "{A268CDDD-DBE1-43D9-8B90-EBD7A60C96BB}"
EndProject
Global
	GlobalSection(SolutionConfigurationPlatforms) = preSolution
		Debug|Any CPU = Debug|Any CPU
		Release|Any CPU = Release|Any CPU
	EndGlobalSection
	GlobalSection(ProjectConfigurationPlatforms) = postSolution
		{154DCA40-FC3E-4D3C-A9D0-A07C59AD358D}.Debug|Any CPU.ActiveCfg = Debug|Any CPU
		{154DCA40-FC3E-4D3C-A9D0-A07C59AD358D}.Debug|Any CPU.Build.0 = Debug|Any CPU
		{154DCA40-FC3E-4D3C-A9D0-A07C59AD358D}.Release|Any CPU.ActiveCfg = Release|Any CPU
		{154DCA40-FC3E-4D3C-A9D0-A07C59AD358D}.Release|Any CPU.Build.0 = Release|Any CPU
		{5D3D94A7-9E75-4B0E-95D9-5F2A17FD44E1}.Debug|Any CPU.ActiveCfg = Debug|Any CPU
		{5D3D94A7-9E75-4B0E-95D9-5F2A17FD44E1}.Debug|Any CPU.Build.0 = Debug|Any CPU
		{5D3D94A7-9E75-4B0E-95D9-5F2A17FD44E1}.Release|Any CPU.ActiveCfg = Release|Any CPU
		{5D3D94A7-9E75-4B0E-95D9-5F2A17FD44E1}.Release|Any CPU.Build.0 = Release|Any CPU
		{88254261-2E25-4AC4-90F0-9307D9905E19}.Debug|Any CPU.ActiveCfg = Debug|Any CPU
		{88254261-2E25-4AC4-90F0-9307D9905E19}.Debug|Any CPU.Build.0 = Debug|Any CPU
		{88254261-2E25-4AC4-90F0-9307D9905E19}.Release|Any CPU.ActiveCfg = Release|Any CPU
		{88254261-2E25-4AC4-90F0-9307D9905E19}.Release|Any CPU.Build.0 = Release|Any CPU
		{D09241CA-E04F-4055-BE39-8B6DB663EB26}.Debug|Any CPU.ActiveCfg = Debug|Any CPU
		{D09241CA-E04F-4055-BE39-8B6DB663EB26}.Debug|Any CPU.Build.0 = Debug|Any CPU
		{D09241CA-E04F-4055-BE39-8B6DB663EB26}.Release|Any CPU.ActiveCfg = Release|Any CPU
		{D09241CA-E04F-4055-BE39-8B6DB663EB26}.Release|Any CPU.Build.0 = Release|Any CPU
		{A268CDDD-DBE1-43D9-8B90-EBD7A60C96BB}.Debug|Any CPU.ActiveCfg = Debug|Any CPU
		{A268CDDD-DBE1-43D9-8B90-EBD7A60C96BB}.Debug|Any CPU.Build.0 = Debug|Any CPU
		{A268CDDD-DBE1-43D9-8B90-EBD7A60C96BB}.Release|Any CPU.ActiveCfg = Release|Any CPU
		{A268CDDD-DBE1-43D9-8B90-EBD7A60C96BB}.Release|Any CPU.Build.0 = Release|Any CPU
	EndGlobalSection
	GlobalSection(SolutionProperties) = preSolution
		HideSolutionNode = FALSE
	EndGlobalSection
	GlobalSection(ExtensibilityGlobals) = postSolution
		SolutionGuid = {209EDEB7-24FD-45B3-92AC-707F236FCBD4}
	EndGlobalSection
EndGlobal
